# This file is autogenerated, do not edit; changes may be undone by the next 'dep ensure'.


[[projects]]
  digest = "1:456d7e097ae1336f56ac4f9fea2503e52a59be4fd2640b8fa51297eb93f0c969"
  name = "cloud.google.com/go"
  packages = ["compute/metadata"]
  pruneopts = "T"
  revision = "a9e5bdc4191b4b9282b3b53c549e89ccd183c9b6"
  version = "v0.81.0"

[[projects]]
  digest = "1:6893c626197361cf68971224eed30d1dcef7d986cfecaf2dd640dc1dc835dc06"
  name = "github.com/GeertJohan/go.incremental"
  packages = ["."]
  pruneopts = "T"
  revision = "88acc9dede4a1fd2ed5fe2e2fc4e2faf7a0fee72"
  version = "v1.0.0"

[[projects]]
  digest = "1:2e241fc2acfef33350e344d2a1a32874266fc85b192eddcd08750312e6f946ce"
  name = "github.com/GeertJohan/go.rice"
  packages = [
    ".",
    "embedded",
    "rice",
  ]
  pruneopts = "T"
  revision = "0634379bb7b1af96fb16686afc301ae7ae9ee8b9"
  version = "v1.0.2"

[[projects]]
  digest = "1:4c302144a9dfe7592d6809a97eeb3afee9e584810b9d659f9d99ad7e27a3eead"
  name = "github.com/Masterminds/goutils"
  packages = ["."]
  pruneopts = "T"
  revision = "f1923532a168b8203bfe956d8cd3b17ebece5982"
  version = "v1.1.1"

[[projects]]
  digest = "1:a697e8421b31645309493b40ea80265d588017ba38d50e2bd5a089d881bcaefe"
  name = "github.com/Masterminds/semver"
  packages = ["."]
  pruneopts = "T"
  revision = "7bb0c843b53d6ad21a3f619cb22c4b442bb3ef3e"
  version = "v3.1.1"

[[projects]]
  digest = "1:3b444329ade6f8aa446a6495524d9a2df317ddc559d8cea3d777c70fcc6f6d39"
  name = "github.com/Masterminds/sprig"
  packages = ["."]
  pruneopts = "T"
  revision = "e4c0945838d570720d876a6ad9b4568ed32317b4"
  version = "v2.22.0"

[[projects]]
  digest = "1:54a39aefbeb3166b093b6c7925aabfff3ee4953e6bc428666a3c23aa28286d90"
  name = "github.com/akavel/rsrc"
  packages = [
    "binutil",
    "coff",
  ]
  pruneopts = "T"
  revision = "936343600d578fb5da472acf6987ed76935a389b"
  version = "v0.10.2"

[[projects]]
  digest = "1:fe0c7f2fcdfc22e25de26a2345cdeaf8f87c4cd208c9c2b3a96fb1e37cb04500"
  name = "github.com/antchfx/xmlquery"
  packages = ["."]
  pruneopts = "T"
  revision = "1d10584afbbd4b494dc83212f9e4f2ed9772a3f8"
  version = "v1.3.6"

[[projects]]
  digest = "1:d9039e7dad8baf672ca7953a9fc47f5d7a09d99e3f30dab25f15ff1a2b6c2a33"
  name = "github.com/antchfx/xpath"
  packages = ["."]
  pruneopts = "T"
  revision = "cd2afb821d43992abcefe1c70b1b41af5b640179"
  version = "v1.1.11"

[[projects]]
  digest = "1:3d3da1dd49a4492069391f9ae0c3e39a8b6e96fb5e8b3e5bbfb8d4820e8d4c36"
  name = "github.com/antihax/optional"
  packages = ["."]
  pruneopts = "T"
  revision = "c3f0ba9c1a592b971d66b2787679af55b5c58f21"
  version = "v1.0.0"

[[projects]]
  digest = "1:297a3c21bf1d3b4695a222e43e982bb52b4b9e156ca2eadbe32b898d0a1ae551"
  name = "github.com/asaskevich/govalidator"
  packages = ["."]
  pruneopts = "T"
  revision = "ccb8e960c48f04d6935e72476ae4a51028f9e22f"
  version = "v9"

[[projects]]
  digest = "1:4db1abbc9526544f1a25ec708120d925fbcf3b28f6808acbaf41937bd6de3c8a"
  name = "github.com/aws/aws-sdk-go"
  packages = [
    "aws",
    "aws/arn",
    "aws/awserr",
    "aws/awsutil",
    "aws/client",
    "aws/client/metadata",
    "aws/corehandlers",
    "aws/credentials",
    "aws/credentials/ec2rolecreds",
    "aws/credentials/endpointcreds",
    "aws/credentials/processcreds",
    "aws/credentials/stscreds",
    "aws/csm",
    "aws/defaults",
    "aws/ec2metadata",
    "aws/endpoints",
    "aws/request",
    "aws/session",
    "aws/signer/v4",
    "internal/ini",
    "internal/s3err",
    "internal/sdkio",
    "internal/sdkmath",
    "internal/sdkrand",
    "internal/sdkuri",
    "internal/shareddefaults",
    "internal/strings",
    "private/protocol",
    "private/protocol/ec2query",
    "private/protocol/eventstream",
    "private/protocol/eventstream/eventstreamapi",
    "private/protocol/json/jsonutil",
    "private/protocol/jsonrpc",
    "private/protocol/query",
    "private/protocol/query/queryutil",
    "private/protocol/rest",
    "private/protocol/restxml",
    "private/protocol/xml/xmlutil",
    "service/ec2",
    "service/pricing",
    "service/s3",
    "service/s3/internal/arn",
    "service/s3/s3iface",
    "service/s3/s3manager",
    "service/ssm",
    "service/sts",
    "service/sts/stsiface",
  ]
  pruneopts = "T"
  revision = "a27888d3507a35a68e9240d5d7cf0d9552e6ef3b"
  version = "v1.28.2"

[[projects]]
  digest = "1:bd8bc15ce3a9929e2777651cbc271fca5561c0d5f42187edb4720e638d24662d"
  name = "github.com/beevik/etree"
  packages = ["."]
  pruneopts = "T"
  revision = "8aee6516be3b1163bb6450c35c50e4969e3a3aa8"
  version = "v1.1.0"

[[projects]]
  digest = "1:6d027438b6c3ca751802d0024174d079d3fb7b0811a4e86212d2edc134c60a05"
  name = "github.com/coreos/go-oidc"
  packages = ["."]
  pruneopts = "T"
  revision = "1180514eaf4d9f38d0d19eef639a1d695e066e72"
  version = "v2.0.0"

[[projects]]
  digest = "1:8e8da6cc8cca12851d4e089d970a0f7387b3a6bcc8c459ff432213b03076a66d"
  name = "github.com/daaku/go.zipexe"
  packages = ["."]
  pruneopts = "T"
  revision = "74d766ac1dde7458348221869a7d1e7e5fa0597e"
  version = "v1.0.1"

[[projects]]
  digest = "1:9f42202ac457c462ad8bb9642806d275af9ab4850cf0b1960b9c6f083d4a309a"
  name = "github.com/davecgh/go-spew"
  packages = ["spew"]
  pruneopts = "T"
  revision = "8991bc29aa16c548c550c7ff78260e27b9ab7c73"
  version = "v1.1.1"

[[projects]]
  digest = "1:e47d51dab652d26c3fba6f8cba403f922d02757a82abdc77e90df7948daf296e"
  name = "github.com/deckarep/golang-set"
  packages = ["."]
  pruneopts = "T"
  revision = "cbaa98ba5575e67703b32b4b19f73c91f3c4159e"
  version = "v1.7.1"

[[projects]]
  digest = "1:6b741c1ad1e54fb77a5a9bee5731fd18f89c14f7d8e53a2d0f57282b3f65686c"
  name = "github.com/denisbrodbeck/machineid"
  packages = ["."]
  pruneopts = "T"
  revision = "f07179bb15a0bec252453468aa607c670f5c12b5"
  version = "v1.0.1"

[[projects]]
  digest = "1:fed8fe226c32b8272e7ba244925aa69801d900040fc29c4fe4f9bf4404ed2a81"
  name = "github.com/denisenkom/go-mssqldb"
  packages = [
    ".",
    "internal/cp",
    "internal/decimal",
    "internal/querytext",
  ]
  pruneopts = "T"
  revision = "d9abbec934ba5bf95d48b9510668cd7226ce8c5d"
  version = "v0.10.0"

[[projects]]
  digest = "1:74b99675cdc18f4feb79c91f70906bf64600de2c0d095b61d08a24b0f1cbdfca"
  name = "github.com/dlespiau/covertool"
  packages = [
    ".",
    "pkg/cover",
    "pkg/exit",
  ]
  pruneopts = "T"
  revision = "b0c4c6d0583aae4e3b5d12b6ec47767670548cc4"

[[projects]]
  digest = "1:a10819dde802bfa6fd6ed6ff07db3a70a514cacbf487f542f11af0250a78f0fd"
  name = "github.com/fsnotify/fsnotify"
  packages = ["."]
  pruneopts = "T"
  revision = "45d7d09e39ef4ac08d493309fa031790c15bfe8a"
  version = "v1.4.9"

[[projects]]
  digest = "1:a51f83b872149289260897102f7364bc412f19c119295252d3d0bda439b23d98"
  name = "github.com/go-sql-driver/mysql"
  packages = ["."]
  pruneopts = "T"
  revision = "bcc459a906419e2890a50fc2c99ea6dd927a88f2"
  version = "v1.6.0"

[[projects]]
  digest = "1:0a5d2a670ac050354afcf572e65aceabefdebdbb90973ea729d8640fa211a9e2"
  name = "github.com/gobwas/glob"
  packages = [
    ".",
    "compiler",
    "match",
    "syntax",
    "syntax/ast",
    "syntax/lexer",
    "util/runes",
    "util/strings",
  ]
  pruneopts = "T"
  revision = "5ccd90ef52e1e632236f7326478d4faa74f99438"
  version = "v0.2.3"

[[projects]]
  branch = "master"
  digest = "1:914bae0d7af57d7f9c2c8eff864071e57c3effebd78eeef26eff4afb0372ed2f"
  name = "github.com/golang-sql/civil"
  packages = ["."]
  pruneopts = "T"
  revision = "cb61b32ac6fe84d34b81730175f91965e43d0f90"

[[projects]]
  branch = "master"
  digest = "1:62af732b73253780384522dbecbd3b2ac6ee80ef3016ba3e3b3aa265207dd8cf"
  name = "github.com/golang/groupcache"
  packages = ["lru"]
  pruneopts = "T"
  revision = "41bb18bfe9da5321badc438f91158cd790a33aa3"

[[projects]]
  digest = "1:16dd8322d0f3215fcbcc509d4310345aa416f68c3943519f8d52312a46559bd7"
  name = "github.com/golang/mock"
  packages = [
    "gomock",
    "mockgen",
    "mockgen/model",
  ]
  pruneopts = "T"
  revision = "a23c5e7c8f7bb73c8ae5d8711815bbd30f3cfac8"
  version = "v1.5.0"

[[projects]]
  digest = "1:8be75099586ec794fb93c467584431c6725a44648463721df4601bee8550a168"
  name = "github.com/golang/protobuf"
  packages = [
    "internal/gengogrpc",
    "proto",
    "protoc-gen-go",
    "protoc-gen-go/descriptor",
    "ptypes",
    "ptypes/any",
    "ptypes/duration",
    "ptypes/empty",
    "ptypes/timestamp",
  ]
  pruneopts = "T"
  revision = "d04d7b157bb510b1e0c10132224b616ac0e26b17"
  version = "v1.4.2"

[[projects]]
  digest = "1:dfa0a7a6b64b2ac99259c4e79cc403470a4fa359c41029e0b8be4f419b0a0e5b"
  name = "github.com/google/uuid"
  packages = ["."]
  pruneopts = "T"
  revision = "bfb86fa49a73e4194d93bea18d7acfe3694438ce"
  version = "v1.2.0"

[[projects]]
  digest = "1:2e734db0d54ce90b2dc4aa69a1da8568b48d61f0b809c75b41c8e054e6ba7cc3"
  name = "github.com/googleapis/gax-go"
  packages = ["v2"]
  pruneopts = "T"
  revision = "bd5b16380fd03dc758d11cef74ba2e3bc8b0e8c2"
  version = "v2.0.5"

[[projects]]
  digest = "1:47cb6ef3581df1bf28730454e58656d75b0b18cc38561283c88811f138933e92"
  name = "github.com/gophercloud/gophercloud"
  packages = [
    ".",
    "internal",
    "openstack",
    "openstack/blockstorage/v1/volumes",
    "openstack/blockstorage/v2/volumes",
    "openstack/common/extensions",
    "openstack/compute/v2/extensions",
    "openstack/compute/v2/extensions/attachinterfaces",
    "openstack/compute/v2/extensions/availabilityzones",
    "openstack/compute/v2/extensions/bootfromvolume",
    "openstack/compute/v2/extensions/floatingips",
    "openstack/compute/v2/extensions/keypairs",
    "openstack/compute/v2/extensions/secgroups",
    "openstack/compute/v2/extensions/startstop",
    "openstack/compute/v2/extensions/volumeattach",
    "openstack/compute/v2/flavors",
    "openstack/compute/v2/servers",
    "openstack/identity/v2/tenants",
    "openstack/identity/v2/tokens",
    "openstack/identity/v3/extensions/ec2tokens",
    "openstack/identity/v3/extensions/oauth1",
    "openstack/identity/v3/projects",
    "openstack/identity/v3/regions",
    "openstack/identity/v3/tokens",
    "openstack/imageservice/v2/images",
    "openstack/networking/v2/extensions/layer3/routers",
    "openstack/networking/v2/extensions/security/groups",
    "openstack/networking/v2/extensions/security/rules",
    "openstack/networking/v2/networks",
    "openstack/networking/v2/ports",
    "openstack/networking/v2/subnets",
    "openstack/utils",
    "pagination",
  ]
  pruneopts = "T"
  revision = "c137dd5308818241136f971d6d6a7fe6f295f5d2"
  version = "v0.13.0"

[[projects]]
  digest = "1:80f394537967d97fcc0da30762843805c8aaea7d208c43c99d1fe988a8888f0d"
  name = "github.com/gorilla/websocket"
  packages = ["."]
  pruneopts = "T"
  revision = "66b9c49e59c6c48f0ffce28c2d8b8a5678502c6d"
  version = "v1.4.0"

[[projects]]
  digest = "1:e94209977ed8aaaf8ea979f232b01d471c06c96530e91802d80aa69a6770bb25"
  name = "github.com/graymeta/stow"
  packages = [
    ".",
    "google",
    "s3",
    "swift",
  ]
  pruneopts = "T"
  revision = "ca5baa008ea321ea84980da11752f2590b485e87"
  source = "github.com/appscode/stow.git"

[[projects]]
  digest = "1:df9ae8748c5ede9c7953992662735563717eb0d598f5ec98aa237d9ae417c815"
  name = "github.com/gregoryv/gocyclo"
  packages = ["."]
  pruneopts = "T"
  revision = "d0cdcbd28e35592b0e3895024fe060147ad728bf"
  version = "v0.1.0"

[[projects]]
  digest = "1:e631368e174090a276fc00b48283f92ac4ccfbbb1945bcfcee083f5f9210dc00"
  name = "github.com/hashicorp/golang-lru"
  packages = ["simplelru"]
  pruneopts = "T"
  revision = "14eae340515388ca95aa8e7b86f0de668e981f54"
  version = "v0.5.4"

[[projects]]
  digest = "1:071bcbf82c289fba4d3f63c876bf4f0ba7eda625cd60795e0a03ccbf949e517a"
  name = "github.com/hashicorp/hcl"
  packages = [
    ".",
    "hcl/ast",
    "hcl/parser",
    "hcl/printer",
    "hcl/scanner",
    "hcl/strconv",
    "hcl/token",
    "json/parser",
    "json/scanner",
    "json/token",
  ]
  pruneopts = "T"
  revision = "8cb6e5b959231cc1119e43259c4a608f9c51a241"
  version = "v1.0.0"

[[projects]]
  digest = "1:8613fa419b22b15397f8af1c38d64232b5dde9b3999f81b61d8d0137c2c7a9ac"
  name = "github.com/huandu/xstrings"
  packages = ["."]
  pruneopts = "T"
  revision = "52197b1fb3155666d9613b4eb4ed72a86d1f8ab6"
  version = "v1.3.2"

[[projects]]
  digest = "1:34cd99a77881370360e020493cbe168cdce1be822cf39e416049a580ab0fbde0"
  name = "github.com/imdario/mergo"
  packages = ["."]
  pruneopts = "T"
  revision = "29fb3d3bdc5512887f1dc9aedde6a0fed407fa8f"
  version = "0.3.12"

[[projects]]
  branch = "master"
  digest = "1:89df516e4ec36be36c4ccc661f2e9007ccb13d4e970e3b7e9c96e87fe4ceb5ba"
  name = "github.com/jcelliott/lumber"
  packages = ["."]
  pruneopts = "T"
  revision = "dd349441af25132d146d7095c6693a15431fc9b1"

[[projects]]
  digest = "1:e1bf60d990d7febe28921617d5da1c08e44f882b672a29ee4848042be36b02cf"
  name = "github.com/jessevdk/go-flags"
  packages = ["."]
  pruneopts = "T"
  revision = "1878de27329cba29066dc088d84b3ce743885f82"
  version = "v1.5.0"

[[projects]]
  digest = "1:54a1890b1085e2b393dded9c39eb90b4475215ee40104ac1679551c46eea67ed"
  name = "github.com/jinzhu/gorm"
  packages = [
    ".",
    "dialects/mssql",
    "dialects/mysql",
    "dialects/postgres",
    "dialects/sqlite",
  ]
  pruneopts = "T"
  revision = "6ed508ec6a4ecb3531899a69cbc746ccf65a4166"
  version = "v1.9.1"

[[projects]]
  digest = "1:01ed62f8f4f574d8aff1d88caee113700a2b44c42351943fa73cc1808f736a50"
  name = "github.com/jinzhu/inflection"
  packages = ["."]
  pruneopts = "T"
  revision = "f5c5f50e6090ae76a29240b61ae2a90dd810112e"
  version = "v1.0.0"

[[projects]]
  digest = "1:b3f2dea8fe8eadb5833f7c8a2ef35dae07308bf7a4d0fee7f37774314e1964d3"
  name = "github.com/jmespath/go-jmespath"
  packages = ["."]
  pruneopts = "T"
  revision = "c2b33e84"

[[projects]]
  digest = "1:fba31cb4329bcaf52d14c97ca2a60b768fb33e2e8e7ece639bb2407af1d9312f"
  name = "github.com/kisielk/errcheck"
  packages = [
    ".",
    "errcheck",
  ]
  pruneopts = "T"
  revision = "4174a4ae53d4a46ffdaddaa9e09eaa4f7a180b08"
  version = "v1.6.0"

[[projects]]
  digest = "1:09cb61dc19af93deae01587e2fdb1c081e0bf48f1a5ad5fa24f48750dc57dce8"
  name = "github.com/konsorten/go-windows-terminal-sequences"
  packages = ["."]
  pruneopts = "T"
  revision = "edb144dfd453055e1e49a3d8b410a660b5a87613"
  version = "v1.0.3"

[[projects]]
  digest = "1:6fe0e4daf1d86003bad2056fb3d59508b82d5589decc63999832fa9f30172920"
  name = "github.com/lib/pq"
  packages = [
    ".",
    "hstore",
    "oid",
    "scram",
  ]
  pruneopts = "T"
  revision = "caa87158f59995a15e2057d80d586391f51333f2"
  version = "v1.10.1"

[[projects]]
  digest = "1:25cb33882cbe55d94c8c83184b76b98c5e61c474191a85b22e557f279ff2bc89"
  name = "github.com/libvirt/libvirt-go"
  packages = ["."]
  pruneopts = "T"
  revision = "9c5bdce3c18faad94cb383e7ec42f5122a8c7fa1"
  version = "v4.8.0"

[[projects]]
  digest = "1:f60517c35d80864005be8b4ad76b95c3d9cd525ee583b8d6af989c8dadf8f5e3"
  name = "github.com/libvirt/libvirt-go-xml"
  packages = ["."]
  pruneopts = "T"
  revision = "2c83bfef538524a3f508a93e2cc7fbb3fa11dce8"
  version = "v4.8.0"

[[projects]]
  digest = "1:9ba17e99083ad0835c53d2166ffb4de6375bbad31e6311505a77922b97fe5ac2"
  name = "github.com/magiconair/properties"
  packages = [
    ".",
    "assert",
  ]
  pruneopts = "T"
  revision = "291b8266af1000c77a12ae6d4dde1145a028012f"
  version = "v1.8.5"

[[projects]]
  digest = "1:164697ec9a8c9644ab7dbbcfbb567473edbbe08c8f957a9fa01fc1d887c3da23"
  name = "github.com/mattn/go-sqlite3"
  packages = ["."]
  pruneopts = "T"
  revision = "baaf8a978416040e7f2d00ac36e345098d0588d8"
  version = "v2.0.6"

[[projects]]
  digest = "1:34764cbbc1c9135d3d791d105d71e566571049ccbe5328c054c83b9866f253da"
  name = "github.com/mitchellh/copystructure"
  packages = ["."]
  pruneopts = "T"
  revision = "669acedc395e9787079b9144952d8b1469cadc7d"
  version = "v1.1.2"

[[projects]]
  digest = "1:1744b02dab72106a8f40ce2d9eaa88c3905e3f25009b8944fdfeb1dea708e0cc"
  name = "github.com/mitchellh/mapstructure"
  packages = ["."]
  pruneopts = "T"
  revision = "8ebf2d61a8b4adcce25fc9fc9b76e8452a00672f"
  version = "v1.4.1"

[[projects]]
  digest = "1:2a7e6f8bebdca6bd8bc359c37f01ae1c4ea4f8481eaabf93b1ae4863f15b72c7"
  name = "github.com/mitchellh/reflectwalk"
  packages = ["."]
  pruneopts = "T"
  revision = "3e2c75dfad4fbf904b58782a80fd595c760ad185"
  version = "v1.0.1"

[[projects]]
  digest = "1:18fcc673dbcc70b923a0f92be942600c84e892fbb7051fca9dedca2fffb2c84f"
  name = "github.com/mjibson/go-dsp"
  packages = [
    "dsputils",
    "fft",
  ]
  pruneopts = "T"
  revision = "11479a337f1259210b7c8f93f7bf2b0cc87b066e"

[[projects]]
  digest = "1:b1010338ce277acfe300c9cc81d63881a4b752748adf7175ab39e68875e76c85"
  name = "github.com/nanobox-io/golang-scribble"
  packages = ["."]
  pruneopts = "T"
  revision = "aa3e7c118975babb5ab3bc2a221b9d5a420b625b"

[[projects]]
  digest = "1:bc03cc73298f22c294095bc07ac364ec0e3d6a9c5ee56b0a2445106958a23647"
  name = "github.com/ncw/swift"
  packages = ["."]
  pruneopts = "T"
  revision = "e4d0540ae5ee8c698a2c2c4eaf0f96adb6190a5b"
  version = "v1.0.52"

[[projects]]
  digest = "1:f4d2ab61c0d322fe5b289fbeacc55530339289169658c737e7ae37c9ae64f548"
  name = "github.com/nkovacs/streamquote"
  packages = ["."]
  pruneopts = "T"
  revision = "ea603e88fd42767b5a068592959d137307c79d83"
  version = "1.0.0"

[[projects]]
  digest = "1:d46c127ae6bfc0177f4af78223bf3806fc781987406d8a4983e92b066fa1c43d"
  name = "github.com/outscale-dev/osc-sdk-go"
  packages = ["osc"]
  pruneopts = "T"
  revision = "96efb48f913ac29f8ff3936b5f2c78be6a1307f8"
  version = "v1.0.0"

[[projects]]
  digest = "1:5b8eacb781830d1030018190682af1aabcb9229c8adc9443d51eb04e3a1f8136"
  name = "github.com/ovh/go-ovh"
  packages = ["ovh"]
  pruneopts = "T"
  revision = "ba5adb4cf0148a3dbdbd30586f075266256a77b1"

[[projects]]
  digest = "1:659594c13e504780cc9808f624ca1372ae02950b346b55beb15d7ef9993cd041"
  name = "github.com/pelletier/go-toml"
  packages = ["."]
  pruneopts = "T"
  revision = "ce6fbd7bc088f354cd4ff3ed482fb36c956ff210"
  version = "v1.9.0"

[[projects]]
  digest = "1:013f08907e87e1471bece4303489099b2ded806385f014ceea759655267efd7c"
  name = "github.com/pengux/check"
  packages = ["."]
  pruneopts = "T"
  revision = "53861b30913dfdf93e58e4379d510eba93261097"

[[projects]]
  digest = "1:9e1d37b58d17113ec3cb5608ac0382313c5b59470b94ed97d0976e69c7022314"
  name = "github.com/pkg/errors"
  packages = ["."]
  pruneopts = "T"
  revision = "614d223910a179a466c1767a985424175c39b465"
  version = "v0.9.1"

[[projects]]
  digest = "1:22aa691fe0213cb5c07d103f9effebcb7ad04bee45a0ce5fe5369d0ca2ec3a1f"
  name = "github.com/pmezard/go-difflib"
  packages = ["difflib"]
  pruneopts = "T"
  revision = "792786c7400a136282c1664665ae0a8db921c6c2"
  version = "v1.0.0"

[[projects]]
  digest = "1:9693d0f60a905bd67f398803d6df0b9a546ed6a5e80faaee955b50ec5e589b50"
  name = "github.com/pquerna/cachecontrol"
  packages = [
    ".",
    "cacheobject",
  ]
  pruneopts = "T"
  revision = "fb00f8a766ae43bf209f50299ce7d69669416dfb"
  version = "v0.1.0"

[[projects]]
  digest = "1:ff6b0586c0621a76832cf783eee58cbb9d9795d2ce8acbc199a4131db11c42a9"
  name = "github.com/satori/go.uuid"
  packages = ["."]
  pruneopts = "T"
  revision = "36e9d2ebbde5e3f13ab2e25625fd453271d6522e"

[[projects]]
  branch = "master"
  digest = "1:45ed9e09a140c93e437e1e9634258040148f2cd18b28758a21b084002eca8c8c"
  name = "github.com/savaki/jq"
  packages = [
    ".",
    "scanner",
  ]
  pruneopts = "T"
  revision = "0e6baecebbf8a24a6590d3fc8232165008d6e5d8"

[[projects]]
  digest = "1:31f95375a85a07e7f9d339de329f7d8590a38bd05f49d37fc23312064164c5f6"
  name = "github.com/sethvargo/go-password"
  packages = ["password"]
  pruneopts = "T"
  revision = "d207206009266fab3e355f1a0488b47ac24139c7"
  version = "v0.1.1"

[[projects]]
  digest = "1:e878dfe6e3fb9f3dcd1df02a2fb20ec0cfa2cefb5dc3f09746099a14b91e9774"
  name = "github.com/sirupsen/logrus"
  packages = ["."]
  pruneopts = "T"
  revision = "e1e72e9de974bd926e5c56f83753fba2df402ce5"
  version = "v1.3.0"

[[projects]]
  digest = "1:d386e06a5e191f5c920b3ef8276750df03d0f58c03107e0aab1dc34128edd0a7"
  name = "github.com/spf13/afero"
  packages = [
    ".",
    "mem",
  ]
  pruneopts = "T"
  revision = "bc94f58beda5dbff6f74599fcb1f1717c5b1c111"
  version = "v1.6.0"

[[projects]]
  digest = "1:ff4cd55a3666b6ea3a876c9e133bfb54d6c812e725409a773f2c94a0b3a92f4f"
  name = "github.com/spf13/cast"
  packages = ["."]
  pruneopts = "T"
  revision = "1ffadf551085444af981432dd0f6d1160c11ec64"
  version = "v1.3.1"

[[projects]]
  digest = "1:1b753ec16506f5864d26a28b43703c58831255059644351bbcb019b843950900"
  name = "github.com/spf13/jwalterweatherman"
  packages = ["."]
  pruneopts = "T"
  revision = "94f6ae3ed3bceceafa716478c5fbf8d29ca601a1"
  version = "v1.1.0"

[[projects]]
  digest = "1:b9ab7e761cae4fe0e7d82fff001e2cb618d30ce5d9129bb074ebf1d847791bde"
  name = "github.com/spf13/pflag"
  packages = ["."]
  pruneopts = "T"
  revision = "2e9d26c8c37aae03e3f9d4e90b7116f5accb7cab"
  version = "v1.0.5"

[[projects]]
  digest = "1:9e76aa59a9fa6f242f6b965938083a52037133306f6f53c003018edf303ad550"
  name = "github.com/spf13/viper"
  packages = ["."]
  pruneopts = "T"
  revision = "8fb642006536c8d3760c99d4fa2389f5e2205631"
  version = "v1.2.0"

[[projects]]
  digest = "1:8d58d88a7b2a7440509bee60f3e865773e8f79e622817ddb63ba3cda9efba25a"
  name = "github.com/stretchr/objx"
  packages = ["."]
  pruneopts = "T"
  revision = "477a77ecc69700c7cdeb1fa9e129548e1c1c393c"
  version = "v0.1.1"

[[projects]]
  digest = "1:e95496462101745805bd4e041a5b841e108c7cf761264d53648246308de2761e"
  name = "github.com/stretchr/testify"
  packages = [
    "assert",
    "mock",
    "require",
  ]
  pruneopts = "T"
  revision = "f35b8ab0b5a2cef36673838d662e249dd9c94686"
  version = "v1.2.2"

[[projects]]
  digest = "1:9884e8096da8489a96001f76f3de942790ae3f73247d296b20159f8a6cd9432c"
  name = "github.com/tebeka/go2xunit"
  packages = [
    ".",
    "lib",
  ]
  pruneopts = "T"
  revision = "c1df6fdf393cdacc8cc04dfbed26c292c2c12ffc"
  version = "v1.4.10"

[[projects]]
  digest = "1:a4ef215bd846f9407d095f526879cb232330e1e7a748c70e384f775a6a64fd3e"
  name = "github.com/urfave/cli"
  packages = ["."]
  pruneopts = "T"
  revision = "cfb38830724cc34fedffe9a2a29fb54fa9169cd1"
  version = "v1.20.0"

[[projects]]
  digest = "1:c468422f334a6b46a19448ad59aaffdfc0a36b08fdcc1c749a0b29b6453d7e59"
  name = "github.com/valyala/bytebufferpool"
  packages = ["."]
  pruneopts = "T"
  revision = "e746df99fe4a3986f4d4f79e13c1e0117ce9c2f7"
  version = "v1.0.0"

[[projects]]
  digest = "1:d724474523928294ece8cc97e8d2371f27c7e6d3068bfa9ace93bd3105b4fdbd"
  name = "github.com/valyala/fasttemplate"
  packages = ["."]
  pruneopts = "T"
  revision = "2275c48ed3e40f01fa347e220be31070a89b6ad4"
  version = "v1.2.1"

[[projects]]
  branch = "master"
  digest = "1:616f149d18fca4ae7614777a9afd49db01f3ad2bd06f64eccd894e5d501d893e"
  name = "github.com/vmware/go-vcloud-director"
  packages = [
    "govcd",
    "types/v56",
    "util",
  ]
  pruneopts = "T"
  revision = "40f6a47affccabb901cf56ad7703768329b62334"
  source = "github.com/oscarpicas/go-vcloud-director.git"

[[projects]]
  digest = "1:d21d99b4d80a8b6bb4bf36e820319978e6b4f55ef194bf8b77d33a64de79ce8b"
  name = "github.com/xrash/smetrics"
  packages = ["."]
  pruneopts = "T"
  revision = "a3153f7040e90324c58c6287535e26a0ac5c1cc1"

[[projects]]
  digest = "1:2db3938c92f77a06bcb7eda1fbd3ee4c5f2c059dcb77e4624dd47fabe823d541"
  name = "go.opencensus.io"
  packages = [
    ".",
    "internal",
    "internal/tagencoding",
    "metric/metricdata",
    "metric/metricproducer",
    "plugin/ochttp",
    "plugin/ochttp/propagation/b3",
    "resource",
    "stats",
    "stats/internal",
    "stats/view",
    "tag",
    "trace",
    "trace/internal",
    "trace/propagation",
    "trace/tracestate",
  ]
  pruneopts = "T"
  revision = "9c377598961b706d1542bd2d84d538b5094d596e"

[[projects]]
  branch = "master"
  digest = "1:aa516fb6b31f042aaaabf788231e64dcb40fdc6f58f5f502fdfb6df7582c6b25"
  name = "golang.org/x/crypto"
  packages = [
    "blowfish",
    "chacha20",
    "curve25519",
    "ed25519",
    "ed25519/internal/edwards25519",
    "internal/subtle",
    "md4",
    "pbkdf2",
    "poly1305",
    "scrypt",
    "ssh",
    "ssh/internal/bcrypt_pbkdf",
    "ssh/terminal",
  ]
  pruneopts = "T"
  revision = "83a5a9bb288b4c9523e182ed4f621411a11de3df"

[[projects]]
  branch = "master"
  digest = "1:1385868fd1e3724da485d7c580ef72f694018ea396b0c0dbd415527f44098e19"
  name = "golang.org/x/lint"
  packages = [
    ".",
    "golint",
  ]
  pruneopts = "T"
  revision = "83fdc39ff7b56453e3793356bcff3070b9b96445"

[[projects]]
  digest = "1:eb1696d1b43ff43ea4867bfefb8e92826d782f47e16c57b8f43c258537d13430"
  name = "golang.org/x/mod"
  packages = [
    "internal/lazyregexp",
    "modfile",
    "module",
    "semver",
  ]
  pruneopts = "T"
  revision = "d6ab96f2441f9631f81862375ef66782fc4a9c12"
  version = "v0.4.2"

[[projects]]
  branch = "master"
  digest = "1:b6c1b937f52bf8b011f6877e85743b0c7a4f38896414833a94babc859225b1d1"
  name = "golang.org/x/net"
  packages = [
    "context",
    "context/ctxhttp",
    "html",
    "html/atom",
    "html/charset",
    "http/httpguts",
    "http2",
    "http2/hpack",
    "idna",
    "internal/timeseries",
    "trace",
  ]
  pruneopts = "T"
  revision = "89ef3d95e781148a0951956029c92a211477f7f9"

[[projects]]
  branch = "master"
  digest = "1:7ab634158d481468f16cf30fc172aed55892942a73059295f8e240ca463f746f"
  name = "golang.org/x/oauth2"
  packages = [
    ".",
    "authhandler",
    "google",
    "google/internal/externalaccount",
    "internal",
    "jws",
    "jwt",
  ]
  pruneopts = "T"
  revision = "81ed05c6b58c5509b83ac75450e38d97242e7168"

[[projects]]
  branch = "master"
  digest = "1:864ae8446db95215802d31cf58c483a035d48928fee2f5d833f8bb54feb13c8c"
  name = "golang.org/x/sys"
  packages = [
    "cpu",
    "execabs",
    "internal/unsafeheader",
    "plan9",
    "unix",
    "windows",
    "windows/registry",
  ]
  pruneopts = "T"
  revision = "d19ff857e887eacb631721f188c7d365c2331456"

[[projects]]
  branch = "master"
  digest = "1:90491c4569d87c45c4dfd0b11d5493a5b2cf0d9a9819378481a7dcbc18c92192"
  name = "golang.org/x/term"
  packages = ["."]
  pruneopts = "T"
  revision = "f5beecf764ed751c785fa21705385df593b1852d"

[[projects]]
  digest = "1:0582c74fc02b5456cbd74e40fb0f99a930c4b957ad1df9b2c91fd9489b30af11"
  name = "golang.org/x/text"
  packages = [
    "collate",
    "collate/build",
    "encoding",
    "encoding/charmap",
    "encoding/htmlindex",
    "encoding/internal",
    "encoding/internal/identifier",
    "encoding/japanese",
    "encoding/korean",
    "encoding/simplifiedchinese",
    "encoding/traditionalchinese",
    "encoding/unicode",
    "internal/colltab",
    "internal/gen",
    "internal/language",
    "internal/language/compact",
    "internal/tag",
    "internal/triegen",
    "internal/ucd",
    "internal/utf8internal",
    "language",
    "runes",
    "secure/bidirule",
    "transform",
    "unicode/bidi",
    "unicode/cldr",
    "unicode/norm",
    "unicode/rangetable",
  ]
  pruneopts = "T"
  revision = "e328d63cff14134669501e0e154e4f141c784322"
  version = "v0.3.6"

[[projects]]
  digest = "1:104e8cd5bb184851a3adde14d9f6aca63078d692e2937123ea016885a3fb0596"
  name = "golang.org/x/tools"
  packages = [
    "cmd/cover",
    "cmd/stringer",
    "cover",
    "go/ast/astutil",
    "go/gcexportdata",
    "go/internal/gcimporter",
    "go/internal/packagesdriver",
    "go/packages",
    "go/types/typeutil",
    "imports",
    "internal/event",
    "internal/event/core",
    "internal/event/keys",
    "internal/event/label",
    "internal/fastwalk",
    "internal/gocommand",
    "internal/gopathwalk",
    "internal/imports",
    "internal/packagesinternal",
    "internal/typesinternal",
  ]
  pruneopts = "T"
  revision = "fe37c9e135b934191089b245ac29325091462508"
  version = "v0.1.0"

[[projects]]
  branch = "master"
  digest = "1:918a46e4a2fb83df33f668f5a6bd51b2996775d073fce1800d3ec01b0a5ddd2b"
  name = "golang.org/x/xerrors"
  packages = [
    ".",
    "internal",
  ]
  pruneopts = "T"
  revision = "5ec99f83aff198f5fbd629d6c8d8eb38a04218ca"

[[projects]]
  digest = "1:e0517e82ab1d11080489ad9d720bd32f230fe5c2bc0f935c2a873f2faa6db577"
  name = "google.golang.org/api"
  packages = [
    "compute/v1",
    "googleapi",
    "googleapi/transport",
    "iam/v1",
    "internal",
    "internal/gensupport",
    "internal/third_party/uritemplates",
    "option",
    "storage/v1",
    "transport/http",
    "transport/http/internal/propagation",
  ]
  pruneopts = "T"
  revision = "aa5d4e47691e7ae1aebb5221ff8e4beea23fad72"
  version = "v0.15.0"

[[projects]]
  digest = "1:fb291fd1ad2a075e4ed0b20077a0252185e87709ac229628e6c9ef3c5dc28660"
  name = "google.golang.org/appengine"
  packages = [
    ".",
    "internal",
    "internal/app_identity",
    "internal/base",
    "internal/datastore",
    "internal/log",
    "internal/modules",
    "internal/remote_api",
    "internal/urlfetch",
    "urlfetch",
  ]
  pruneopts = "T"
  revision = "5d1c1d03f8703c2e81478d9a30e9afa2d3e4bd8a"
  version = "v1.6.7"

[[projects]]
  digest = "1:e2b33f74fe0b06fd0d0b41562eeb4b7142ca2a8ff10d7b8cb3eb3ade1ed23ac0"
  name = "google.golang.org/genproto"
  packages = ["googleapis/rpc/status"]
  pruneopts = "T"
  revision = "e7d98fc518a78c9f8b5ee77be7b0b317475d89e1"

[[projects]]
  digest = "1:f00b5e6ded178b2e1886d23f28cf730221728503364fe2d3a91faa5a902eecde"
  name = "google.golang.org/grpc"
  packages = [
    ".",
    "attributes",
    "backoff",
    "balancer",
    "balancer/base",
    "balancer/roundrobin",
    "binarylog/grpc_binarylog_v1",
    "codes",
    "connectivity",
    "credentials",
    "credentials/internal",
    "encoding",
    "encoding/proto",
    "grpclog",
    "internal",
    "internal/backoff",
    "internal/balancerload",
    "internal/binarylog",
    "internal/buffer",
    "internal/channelz",
    "internal/envconfig",
    "internal/grpcrand",
    "internal/grpcsync",
    "internal/resolver/dns",
    "internal/resolver/passthrough",
    "internal/syscall",
    "internal/transport",
    "keepalive",
    "metadata",
    "naming",
    "peer",
    "reflection",
    "reflection/grpc_reflection_v1alpha",
    "resolver",
    "serviceconfig",
    "stats",
    "status",
    "tap",
  ]
  pruneopts = "T"
  revision = "a89bee78ddf0f67f27c06b1b2b1b071c18408724"
  version = "v1.27.0"

[[projects]]
  digest = "1:5fe175585c49cf5aebba0a7f8845d7ec2bbedb26858d12e372cd3856240eb5af"
  name = "google.golang.org/protobuf"
  packages = [
    "cmd/protoc-gen-go/internal_gengo",
    "compiler/protogen",
    "encoding/prototext",
    "encoding/protowire",
    "internal/descfmt",
    "internal/descopts",
    "internal/detrand",
    "internal/encoding/defval",
    "internal/encoding/messageset",
    "internal/encoding/tag",
    "internal/encoding/text",
    "internal/errors",
    "internal/filedesc",
    "internal/filetype",
    "internal/flags",
    "internal/genid",
    "internal/impl",
    "internal/order",
    "internal/pragma",
    "internal/set",
    "internal/strs",
    "internal/version",
    "proto",
    "reflect/protodesc",
    "reflect/protoreflect",
    "reflect/protoregistry",
    "runtime/protoiface",
    "runtime/protoimpl",
    "types/descriptorpb",
    "types/known/anypb",
    "types/known/durationpb",
    "types/known/emptypb",
    "types/known/timestamppb",
    "types/pluginpb",
  ]
  pruneopts = "T"
  revision = "f2d1f6cbe10b90d22296ea09a7217081c2798009"
  version = "v1.26.0"

[[projects]]
  digest = "1:a70da2bafc2b70605ce35c8e2ae8d58e7fc824c0d5c3e3bb881b879bcb07a5ae"
  name = "gopkg.in/ini.v1"
  packages = ["."]
  pruneopts = "T"
  revision = "5e97220809ffaa826f787728501264e9114cb834"
  version = "v1.62.0"

[[projects]]
  digest = "1:e1a45c5cb2e6a6df987927678334c65fa82231ce6e9be038abf35d3e58b25ef4"
  name = "gopkg.in/square/go-jose.v2"
  packages = [
    ".",
    "cipher",
    "json",
  ]
  pruneopts = "T"
  revision = "3a5ee095dcb5030a9de84fb92c222ac652fff176"
  version = "v2.5.1"

[[projects]]
  digest = "1:5054a1f394226de9e6ddc47b0ba77e35092a4112f4a1cd9cb94aba1f5bdc3ec6"
  name = "gopkg.in/yaml.v2"
  packages = ["."]
  pruneopts = "T"
  revision = "7649d4548cb53a614db133b2a8ac1f31859dda8c"
  version = "v2.4.0"

[solve-meta]
  analyzer-name = "dep"
  analyzer-version = 1
  input-imports = [
    "github.com/GeertJohan/go.rice",
    "github.com/GeertJohan/go.rice/embedded",
    "github.com/GeertJohan/go.rice/rice",
    "github.com/Masterminds/sprig",
    "github.com/antihax/optional",
    "github.com/asaskevich/govalidator",
    "github.com/aws/aws-sdk-go/aws",
    "github.com/aws/aws-sdk-go/aws/awserr",
    "github.com/aws/aws-sdk-go/aws/credentials",
    "github.com/aws/aws-sdk-go/aws/endpoints",
    "github.com/aws/aws-sdk-go/aws/session",
    "github.com/aws/aws-sdk-go/service/ec2",
    "github.com/aws/aws-sdk-go/service/pricing",
    "github.com/aws/aws-sdk-go/service/s3",
    "github.com/aws/aws-sdk-go/service/ssm",
    "github.com/coreos/go-oidc",
    "github.com/davecgh/go-spew/spew",
    "github.com/deckarep/golang-set",
    "github.com/denisbrodbeck/machineid",
    "github.com/dlespiau/covertool",
    "github.com/dlespiau/covertool/pkg/cover",
    "github.com/dlespiau/covertool/pkg/exit",
    "github.com/gobwas/glob",
    "github.com/golang/mock/gomock",
    "github.com/golang/mock/mockgen",
    "github.com/golang/protobuf/protoc-gen-go",
    "github.com/golang/protobuf/ptypes/empty",
    "github.com/gophercloud/gophercloud",
    "github.com/gophercloud/gophercloud/openstack",
    "github.com/gophercloud/gophercloud/openstack/blockstorage/v1/volumes",
    "github.com/gophercloud/gophercloud/openstack/blockstorage/v2/volumes",
    "github.com/gophercloud/gophercloud/openstack/compute/v2/extensions/attachinterfaces",
    "github.com/gophercloud/gophercloud/openstack/compute/v2/extensions/availabilityzones",
    "github.com/gophercloud/gophercloud/openstack/compute/v2/extensions/bootfromvolume",
    "github.com/gophercloud/gophercloud/openstack/compute/v2/extensions/floatingips",
    "github.com/gophercloud/gophercloud/openstack/compute/v2/extensions/keypairs",
    "github.com/gophercloud/gophercloud/openstack/compute/v2/extensions/secgroups",
    "github.com/gophercloud/gophercloud/openstack/compute/v2/extensions/startstop",
    "github.com/gophercloud/gophercloud/openstack/compute/v2/extensions/volumeattach",
    "github.com/gophercloud/gophercloud/openstack/compute/v2/flavors",
    "github.com/gophercloud/gophercloud/openstack/compute/v2/servers",
    "github.com/gophercloud/gophercloud/openstack/identity/v3/projects",
    "github.com/gophercloud/gophercloud/openstack/identity/v3/regions",
    "github.com/gophercloud/gophercloud/openstack/imageservice/v2/images",
    "github.com/gophercloud/gophercloud/openstack/networking/v2/extensions/layer3/routers",
    "github.com/gophercloud/gophercloud/openstack/networking/v2/extensions/security/groups",
    "github.com/gophercloud/gophercloud/openstack/networking/v2/extensions/security/rules",
    "github.com/gophercloud/gophercloud/openstack/networking/v2/networks",
    "github.com/gophercloud/gophercloud/openstack/networking/v2/ports",
    "github.com/gophercloud/gophercloud/openstack/networking/v2/subnets",
    "github.com/gophercloud/gophercloud/pagination",
    "github.com/gorilla/websocket",
    "github.com/graymeta/stow",
    "github.com/graymeta/stow/google",
    "github.com/graymeta/stow/s3",
    "github.com/graymeta/stow/swift",
    "github.com/gregoryv/gocyclo",
    "github.com/jinzhu/gorm",
    "github.com/jinzhu/gorm/dialects/mssql",
    "github.com/jinzhu/gorm/dialects/mysql",
    "github.com/jinzhu/gorm/dialects/postgres",
    "github.com/jinzhu/gorm/dialects/sqlite",
    "github.com/kisielk/errcheck",
    "github.com/libvirt/libvirt-go",
    "github.com/libvirt/libvirt-go-xml",
    "github.com/magiconair/properties/assert",
    "github.com/mjibson/go-dsp/fft",
    "github.com/nanobox-io/golang-scribble",
    "github.com/outscale-dev/osc-sdk-go/osc",
    "github.com/ovh/go-ovh/ovh",
    "github.com/pengux/check",
    "github.com/satori/go.uuid",
    "github.com/savaki/jq",
    "github.com/sethvargo/go-password/password",
    "github.com/sirupsen/logrus",
    "github.com/spf13/viper",
    "github.com/stretchr/testify/assert",
    "github.com/stretchr/testify/mock",
    "github.com/stretchr/testify/require",
    "github.com/tebeka/go2xunit",
    "github.com/urfave/cli",
    "github.com/vmware/go-vcloud-director/govcd",
    "github.com/vmware/go-vcloud-director/types/v56",
    "github.com/xrash/smetrics",
    "golang.org/x/crypto/ssh",
    "golang.org/x/lint/golint",
    "golang.org/x/oauth2",
    "golang.org/x/oauth2/google",
    "golang.org/x/sys/unix",
    "golang.org/x/tools/cmd/cover",
    "golang.org/x/tools/cmd/stringer",
    "google.golang.org/api/compute/v1",
    "google.golang.org/api/googleapi",
    "google.golang.org/api/iam/v1",
    "google.golang.org/api/option",
    "google.golang.org/grpc",
    "google.golang.org/grpc/codes",
    "google.golang.org/grpc/metadata",
    "google.golang.org/grpc/reflection",
    "google.golang.org/grpc/status",
    "google.golang.org/protobuf/reflect/protoreflect",
    "google.golang.org/protobuf/runtime/protoimpl",
    "google.golang.org/protobuf/types/known/emptypb",
  ]
  solver-name = "gps-cdcl"
  solver-version = 1
